
Microsoft Visual Studio Solution File, Format Version 12.00
# Visual Studio Version 16
VisualStudioVersion = 16.0.31624.102
MinimumVisualStudioVersion = 10.0.40219.1
Project("{FAE04EC0-301F-11D3-BF4B-00C04F79EFBC}") = "OOP_4_2", "OOP_4_2.csproj", "{3FD800FF-FA47-460B-BC59-7874F50D8A43}"
EndProject
Global
	GlobalSection(SolutionConfigurationPlatforms) = preSolution
		Debug|Any CPU = Debug|Any CPU
		Release|Any CPU = Release|Any CPU
	EndGlobalSection
	GlobalSection(ProjectConfigurationPlatforms) = postSolution
		{3FD800FF-FA47-460B-BC59-7874F50D8A43}.Debug|Any CPU.ActiveCfg = Debug|Any CPU
		{3FD800FF-FA47-460B-BC59-7874F50D8A43}.Debug|Any CPU.Build.0 = Debug|Any CPU
		{3FD800FF-FA47-460B-BC59-7874F50D8A43}.Release|Any CPU.ActiveCfg = Release|Any CPU
		{3FD800FF-FA47-460B-BC59-7874F50D8A43}.Release|Any CPU.Build.0 = Release|Any CPU
	EndGlobalSection
	GlobalSection(SolutionProperties) = preSolution
		HideSolutionNode = FALSE
	EndGlobalSection
	GlobalSection(ExtensibilityGlobals) = postSolution
		SolutionGuid = {A2B4E837-9142-4C55-B12A-9C90FEA9BE97}
	EndGlobalSection
EndGlobal
